// !$*UTF8*$!
{
	archiveVersion = 1;
	classes = {
	};
	objectVersion = 48;
	objects = {

/* Begin PBXBuildFile section */
		152B9B031F6E5DA300ABF36A /* AppDelegate.swift in Sources */ = {isa = PBXBuildFile; fileRef = 152B9B021F6E5DA300ABF36A /* AppDelegate.swift */; };
		152B9B051F6E5DA300ABF36A /* ViewController.swift in Sources */ = {isa = PBXBuildFile; fileRef = 152B9B041F6E5DA300ABF36A /* ViewController.swift */; };
		152B9B081F6E5DA300ABF36A /* Main.storyboard in Resources */ = {isa = PBXBuildFile; fileRef = 152B9B061F6E5DA300ABF36A /* Main.storyboard */; };
		152B9B0A1F6E5DA300ABF36A /* Assets.xcassets in Resources */ = {isa = PBXBuildFile; fileRef = 152B9B091F6E5DA300ABF36A /* Assets.xcassets */; };
		152B9B0D1F6E5DA300ABF36A /* LaunchScreen.storyboard in Resources */ = {isa = PBXBuildFile; fileRef = 152B9B0B1F6E5DA300ABF36A /* LaunchScreen.storyboard */; };
		152B9B171F6E67A000ABF36A /* Ship.swift in Sources */ = {isa = PBXBuildFile; fileRef = 152B9B161F6E67A000ABF36A /* Ship.swift */; };
		152B9B191F6E67CA00ABF36A /* Bullet.swift in Sources */ = {isa = PBXBuildFile; fileRef = 152B9B181F6E67CA00ABF36A /* Bullet.swift */; };
		152B9B1B1F6E6BCD00ABF36A /* Masks.swift in Sources */ = {isa = PBXBuildFile; fileRef = 152B9B1A1F6E6BCD00ABF36A /* Masks.swift */; };
		152B9B1E1F6E722300ABF36A /* NewShip.swift in Sources */ = {isa = PBXBuildFile; fileRef = 152B9B1D1F6E722300ABF36A /* NewShip.swift */; };
		152B9B201F6E788A00ABF36A /* NewBullet.swift in Sources */ = {isa = PBXBuildFile; fileRef = 152B9B1F1F6E788A00ABF36A /* NewBullet.swift */; };
		152B9B231F6E7E2500ABF36A /* PlaySoundEffect.swift in Sources */ = {isa = PBXBuildFile; fileRef = 152B9B221F6E7E2500ABF36A /* PlaySoundEffect.swift */; };
/* End PBXBuildFile section */

/* Begin PBXFileReference section */
		152B9AFF1F6E5DA300ABF36A /* StarWars.app */ = {isa = PBXFileReference; explicitFileType = wrapper.application; includeInIndex = 0; path = StarWars.app; sourceTree = BUILT_PRODUCTS_DIR; };
		152B9B021F6E5DA300ABF36A /* AppDelegate.swift */ = {isa = PBXFileReference; lastKnownFileType = sourcecode.swift; path = AppDelegate.swift; sourceTree = "<group>"; };
		152B9B041F6E5DA300ABF36A /* ViewController.swift */ = {isa = PBXFileReference; lastKnownFileType = sourcecode.swift; path = ViewController.swift; sourceTree = "<group>"; };
		152B9B071F6E5DA300ABF36A /* Base */ = {isa = PBXFileReference; lastKnownFileType = file.storyboard; name = Base; path = Base.lproj/Main.storyboard; sourceTree = "<group>"; };
		152B9B091F6E5DA300ABF36A /* Assets.xcassets */ = {isa = PBXFileReference; lastKnownFileType = folder.assetcatalog; path = Assets.xcassets; sourceTree = "<group>"; };
		152B9B0C1F6E5DA300ABF36A /* Base */ = {isa = PBXFileReference; lastKnownFileType = file.storyboard; name = Base; path = Base.lproj/LaunchScreen.storyboard; sourceTree = "<group>"; };
		152B9B0E1F6E5DA300ABF36A /* Info.plist */ = {isa = PBXFileReference; lastKnownFileType = text.plist.xml; path = Info.plist; sourceTree = "<group>"; };
		152B9B161F6E67A000ABF36A /* Ship.swift */ = {isa = PBXFileReference; lastKnownFileType = sourcecode.swift; path = Ship.swift; sourceTree = "<group>"; };
		152B9B181F6E67CA00ABF36A /* Bullet.swift */ = {isa = PBXFileReference; lastKnownFileType = sourcecode.swift; path = Bullet.swift; sourceTree = "<group>"; };
		152B9B1A1F6E6BCD00ABF36A /* Masks.swift */ = {isa = PBXFileReference; lastKnownFileType = sourcecode.swift; path = Masks.swift; sourceTree = "<group>"; };
		152B9B1D1F6E722300ABF36A /* NewShip.swift */ = {isa = PBXFileReference; lastKnownFileType = sourcecode.swift; path = NewShip.swift; sourceTree = "<group>"; };
		152B9B1F1F6E788A00ABF36A /* NewBullet.swift */ = {isa = PBXFileReference; lastKnownFileType = sourcecode.swift; path = NewBullet.swift; sourceTree = "<group>"; };
		152B9B221F6E7E2500ABF36A /* PlaySoundEffect.swift */ = {isa = PBXFileReference; lastKnownFileType = sourcecode.swift; path = PlaySoundEffect.swift; sourceTree = "<group>"; };
		152B9B2C1F6E94E300ABF36A /* collision.mp3 */ = {isa = PBXFileReference; lastKnownFileType = audio.mp3; path = collision.mp3; sourceTree = "<group>"; };
		152B9B2D1F6E94E300ABF36A /* explosion.mp3 */ = {isa = PBXFileReference; lastKnownFileType = audio.mp3; path = explosion.mp3; sourceTree = "<group>"; };
		152B9B2E1F6E94E300ABF36A /* explosion.scnp */ = {isa = PBXFileReference; lastKnownFileType = file.scp; path = explosion.scnp; sourceTree = "<group>"; };
		152B9B2F1F6E94E300ABF36A /* spark.png */ = {isa = PBXFileReference; lastKnownFileType = image.png; path = spark.png; sourceTree = "<group>"; };
		152B9B301F6E94E300ABF36A /* torpedo.mp3 */ = {isa = PBXFileReference; lastKnownFileType = audio.mp3; path = torpedo.mp3; sourceTree = "<group>"; };
/* End PBXFileReference section */

/* Begin PBXFrameworksBuildPhase section */
		152B9AFC1F6E5DA300ABF36A /* Frameworks */ = {
			isa = PBXFrameworksBuildPhase;
			buildActionMask = 2147483647;
			files = (
			);
			runOnlyForDeploymentPostprocessing = 0;
		};
/* End PBXFrameworksBuildPhase section */

/* Begin PBXGroup section */
		152B9AF61F6E5DA300ABF36A = {
			isa = PBXGroup;
			children = (
				152B9B011F6E5DA300ABF36A /* StarWars */,
				152B9B001F6E5DA300ABF36A /* Products */,
			);
			sourceTree = "<group>";
		};
		152B9B001F6E5DA300ABF36A /* Products */ = {
			isa = PBXGroup;
			children = (
				152B9AFF1F6E5DA300ABF36A /* StarWars.app */,
			);
			name = Products;
			sourceTree = "<group>";
		};
		152B9B011F6E5DA300ABF36A /* StarWars */ = {
			isa = PBXGroup;
			children = (
				152B9B1C1F6E71FC00ABF36A /* Service */,
				152B9B151F6E674A00ABF36A /* Model */,
				152B9B021F6E5DA300ABF36A /* AppDelegate.swift */,
				152B9B041F6E5DA300ABF36A /* ViewController.swift */,
				152B9B061F6E5DA300ABF36A /* Main.storyboard */,
				152B9B2B1F6E94E300ABF36A /* resource */,
				152B9B091F6E5DA300ABF36A /* Assets.xcassets */,
				152B9B0B1F6E5DA300ABF36A /* LaunchScreen.storyboard */,
				152B9B0E1F6E5DA300ABF36A /* Info.plist */,
			);
			path = StarWars;
			sourceTree = "<group>";
		};
		152B9B151F6E674A00ABF36A /* Model */ = {
			isa = PBXGroup;
			children = (
				152B9B161F6E67A000ABF36A /* Ship.swift */,
				152B9B181F6E67CA00ABF36A /* Bullet.swift */,
				152B9B1A1F6E6BCD00ABF36A /* Masks.swift */,
			);
			path = Model;
			sourceTree = "<group>";
		};
		152B9B1C1F6E71FC00ABF36A /* Service */ = {
			isa = PBXGroup;
			children = (
				152B9B1D1F6E722300ABF36A /* NewShip.swift */,
				152B9B1F1F6E788A00ABF36A /* NewBullet.swift */,
				152B9B221F6E7E2500ABF36A /* PlaySoundEffect.swift */,
			);
			path = Service;
			sourceTree = "<group>";
		};
		152B9B2B1F6E94E300ABF36A /* resource */ = {
			isa = PBXGroup;
			children = (
				152B9B2C1F6E94E300ABF36A /* collision.mp3 */,
				152B9B2D1F6E94E300ABF36A /* explosion.mp3 */,
				152B9B2E1F6E94E300ABF36A /* explosion.scnp */,
				152B9B2F1F6E94E300ABF36A /* spark.png */,
				152B9B301F6E94E300ABF36A /* torpedo.mp3 */,
			);
			path = resource;
			sourceTree = "<group>";
		};
/* End PBXGroup section */

/* Begin PBXNativeTarget section */
		152B9AFE1F6E5DA300ABF36A /* StarWars */ = {
			isa = PBXNativeTarget;
			buildConfigurationList = 152B9B111F6E5DA300ABF36A /* Build configuration list for PBXNativeTarget "StarWars" */;
			buildPhases = (
				152B9AFB1F6E5DA300ABF36A /* Sources */,
				152B9AFC1F6E5DA300ABF36A /* Frameworks */,
				152B9AFD1F6E5DA300ABF36A /* Resources */,
			);
			buildRules = (
			);
			dependencies = (
			);
			name = StarWars;
			productName = StarWars;
			productReference = 152B9AFF1F6E5DA300ABF36A /* StarWars.app */;
			productType = "com.apple.product-type.application";
		};
/* End PBXNativeTarget section */

/* Begin PBXProject section */
		152B9AF71F6E5DA300ABF36A /* Project object */ = {
			isa = PBXProject;
			attributes = {
				LastSwiftUpdateCheck = 0900;
				LastUpgradeCheck = 0900;
				ORGANIZATIONNAME = chenxi;
				TargetAttributes = {
					152B9AFE1F6E5DA300ABF36A = {
						CreatedOnToolsVersion = 9.0;
						ProvisioningStyle = Automatic;
					};
				};
			};
			buildConfigurationList = 152B9AFA1F6E5DA300ABF36A /* Build configuration list for PBXProject "StarWars" */;
			compatibilityVersion = "Xcode 8.0";
			developmentRegion = en;
			hasScannedForEncodings = 0;
			knownRegions = (
				en,
				Base,
			);
			mainGroup = 152B9AF61F6E5DA300ABF36A;
			productRefGroup = 152B9B001F6E5DA300ABF36A /* Products */;
			projectDirPath = "";
			projectRoot = "";
			targets = (
				152B9AFE1F6E5DA300ABF36A /* StarWars */,
			);
		};
/* End PBXProject section */

/* Begin PBXResourcesBuildPhase section */
		152B9AFD1F6E5DA300ABF36A /* Resources */ = {
			isa = PBXResourcesBuildPhase;
			buildActionMask = 2147483647;
			files = (
				152B9B0D1F6E5DA300ABF36A /* LaunchScreen.storyboard in Resources */,
				152B9B0A1F6E5DA300ABF36A /* Assets.xcassets in Resources */,
				152B9B081F6E5DA300ABF36A /* Main.storyboard in Resources */,
			);
			runOnlyForDeploymentPostprocessing = 0;
		};
/* End PBXResourcesBuildPhase section */

/* Begin PBXSourcesBuildPhase section */
		152B9AFB1F6E5DA300ABF36A /* Sources */ = {
			isa = PBXSourcesBuildPhase;
			buildActionMask = 2147483647;
			files = (
				152B9B1E1F6E722300ABF36A /* NewShip.swift in Sources */,
				152B9B201F6E788A00ABF36A /* NewBullet.swift in Sources */,
				152B9B051F6E5DA300ABF36A /* ViewController.swift in Sources */,
				152B9B1B1F6E6BCD00ABF36A /* Masks.swift in Sources */,
				152B9B231F6E7E2500ABF36A /* PlaySoundEffect.swift in Sources */,
				152B9B171F6E67A000ABF36A /* Ship.swift in Sources */,
				152B9B031F6E5DA300ABF36A /* AppDelegate.swift in Sources */,
				152B9B191F6E67CA00ABF36A /* Bullet.swift in Sources */,
			);
			runOnlyForDeploymentPostprocessing = 0;
		};
/* End PBXSourcesBuildPhase section */

/* Begin PBXVariantGroup section */
		152B9B061F6E5DA300ABF36A /* Main.storyboard */ = {
			isa = PBXVariantGroup;
			children = (
				152B9B071F6E5DA300ABF36A /* Base */,
			);
			name = Main.storyboard;
			sourceTree = "<group>";
		};
		152B9B0B1F6E5DA300ABF36A /* LaunchScreen.storyboard */ = {
			isa = PBXVariantGroup;
			children = (
				152B9B0C1F6E5DA300ABF36A /* Base */,
			);
			name = LaunchScreen.storyboard;
			sourceTree = "<group>";
		};
/* End PBXVariantGroup section */

/* Begin XCBuildConfiguration section */
		152B9B0F1F6E5DA300ABF36A /* Debug */ = {
			isa = XCBuildConfiguration;
			buildSettings = {
				ALWAYS_SEARCH_USER_PATHS = NO;
				CLANG_ANALYZER_NONNULL = YES;
				CLANG_ANALYZER_NUMBER_OBJECT_CONVERSION = YES_AGGRESSIVE;
				CLANG_CXX_LANGUAGE_STANDARD = "gnu++14";
				CLANG_CXX_LIBRARY = "libc++";
				CLANG_ENABLE_MODULES = YES;
				CLANG_ENABLE_OBJC_ARC = YES;
				CLANG_WARN_BLOCK_CAPTURE_AUTORELEASING = YES;
				CLANG_WARN_BOOL_CONVERSION = YES;
				CLANG_WARN_COMMA = YES;
				CLANG_WARN_CONSTANT_CONVERSION = YES;
				CLANG_WARN_DIRECT_OBJC_ISA_USAGE = YES_ERROR;
				CLANG_WARN_DOCUMENTATION_COMMENTS = YES;
				CLANG_WARN_EMPTY_BODY = YES;
				CLANG_WARN_ENUM_CONVERSION = YES;
				CLANG_WARN_INFINITE_RECURSION = YES;
				CLANG_WARN_INT_CONVERSION = YES;
				CLANG_WARN_NON_LITERAL_NULL_CONVERSION = YES;
				CLANG_WARN_OBJC_LITERAL_CONVERSION = YES;
				CLANG_WARN_OBJC_ROOT_CLASS = YES_ERROR;
				CLANG_WARN_RANGE_LOOP_ANALYSIS = YES;
				CLANG_WARN_STRICT_PROTOTYPES = YES;
				CLANG_WARN_SUSPICIOUS_MOVE = YES;
				CLANG_WARN_UNGUARDED_AVAILABILITY = YES_AGGRESSIVE;
				CLANG_WARN_UNREACHABLE_CODE = YES;
				CLANG_WARN__DUPLICATE_METHOD_MATCH = YES;
				CODE_SIGN_IDENTITY = "iPhone Developer";
				COPY_PHASE_STRIP = NO;
				DEBUG_INFORMATION_FORMAT = dwarf;
				ENABLE_STRICT_OBJC_MSGSEND = YES;
				ENABLE_TESTABILITY = YES;
				GCC_C_LANGUAGE_STANDARD = gnu11;
				GCC_DYNAMIC_NO_PIC = NO;
				GCC_NO_COMMON_BLOCKS = YES;
				GCC_OPTIMIZATION_LEVEL = 0;
				GCC_PREPROCESSOR_DEFINITIONS = (
					"DEBUG=1",
					"$(inherited)",
				);
				GCC_WARN_64_TO_32_BIT_CONVERSION = YES;
				GCC_WARN_ABOUT_RETURN_TYPE = YES_ERROR;
				GCC_WARN_UNDECLARED_SELECTOR = YES;
				GCC_WARN_UNINITIALIZED_AUTOS = YES_AGGRESSIVE;
				GCC_WARN_UNUSED_FUNCTION = YES;
				GCC_WARN_UNUSED_VARIABLE = YES;
				IPHONEOS_DEPLOYMENT_TARGET = 11.0;
				MTL_ENABLE_DEBUG_INFO = YES;
				ONLY_ACTIVE_ARCH = YES;
				SDKROOT = iphoneos;
				SWIFT_ACTIVE_COMPILATION_CONDITIONS = DEBUG;
				SWIFT_OPTIMIZATION_LEVEL = "-Onone";
			};
			name = Debug;
		};
		152B9B101F6E5DA300ABF36A /* Release */ = {
			isa = XCBuildConfiguration;
			buildSettings = {
				ALWAYS_SEARCH_USER_PATHS = NO;
				CLANG_ANALYZER_NONNULL = YES;
				CLANG_ANALYZER_NUMBER_OBJECT_CONVERSION = YES_AGGRESSIVE;
				CLANG_CXX_LANGUAGE_STANDARD = "gnu++14";
				CLANG_CXX_LIBRARY = "libc++";
				CLANG_ENABLE_MODULES = YES;
				CLANG_ENABLE_OBJC_ARC = YES;
				CLANG_WARN_BLOCK_CAPTURE_AUTORELEASING = YES;
				CLANG_WARN_BOOL_CONVERSION = YES;
				CLANG_WARN_COMMA = YES;
				CLANG_WARN_CONSTANT_CONVERSION = YES;
				CLANG_WARN_DIRECT_OBJC_ISA_USAGE = YES_ERROR;
				CLANG_WARN_DOCUMENTATION_COMMENTS = YES;
				CLANG_WARN_EMPTY_BODY = YES;
				CLANG_WARN_ENUM_CONVERSION = YES;
				CLANG_WARN_INFINITE_RECURSION = YES;
				CLANG_WARN_INT_CONVERSION = YES;
				CLANG_WARN_NON_LITERAL_NULL_CONVERSION = YES;
				CLANG_WARN_OBJC_LITERAL_CONVERSION = YES;
				CLANG_WARN_OBJC_ROOT_CLASS = YES_ERROR;
				CLANG_WARN_RANGE_LOOP_ANALYSIS = YES;
				CLANG_WARN_STRICT_PROTOTYPES = YES;
				CLANG_WARN_SUSPICIOUS_MOVE = YES;
				CLANG_WARN_UNGUARDED_AVAILABILITY = YES_AGGRESSIVE;
				CLANG_WARN_UNREACHABLE_CODE = YES;
				CLANG_WARN__DUPLICATE_METHOD_MATCH = YES;
				CODE_SIGN_IDENTITY = "iPhone Developer";
				COPY_PHASE_STRIP = NO;
				DEBUG_INFORMATION_FORMAT = "dwarf-with-dsym";
				ENABLE_NS_ASSERTIONS = NO;
				ENABLE_STRICT_OBJC_MSGSEND = YES;
				GCC_C_LANGUAGE_STANDARD = gnu11;
				GCC_NO_COMMON_BLOCKS = YES;
				GCC_WARN_64_TO_32_BIT_CONVERSION = YES;
				GCC_WARN_ABOUT_RETURN_TYPE = YES_ERROR;
				GCC_WARN_UNDECLARED_SELECTOR = YES;
				GCC_WARN_UNINITIALIZED_AUTOS = YES_AGGRESSIVE;
				GCC_WARN_UNUSED_FUNCTION = YES;
				GCC_WARN_UNUSED_VARIABLE = YES;
				IPHONEOS_DEPLOYMENT_TARGET = 11.0;
				MTL_ENABLE_DEBUG_INFO = NO;
				SDKROOT = iphoneos;
				SWIFT_OPTIMIZATION_LEVEL = "-Owholemodule";
				VALIDATE_PRODUCT = YES;
			};
			name = Release;
		};
		152B9B121F6E5DA300ABF36A /* Debug */ = {
			isa = XCBuildConfiguration;
			buildSettings = {
				ASSETCATALOG_COMPILER_APPICON_NAME = AppIcon;
				CODE_SIGN_STYLE = Automatic;
				DEVELOPMENT_TEAM = MTWNV925HH;
				INFOPLIST_FILE = StarWars/Info.plist;
				LD_RUNPATH_SEARCH_PATHS = "$(inherited) @executable_path/Frameworks";
				PRODUCT_BUNDLE_IDENTIFIER = com.chenxi.StarWars;
				PRODUCT_NAME = "$(TARGET_NAME)";
				SWIFT_VERSION = 4.0;
				TARGETED_DEVICE_FAMILY = "1,2";
			};
			name = Debug;
		};
		152B9B131F6E5DA300ABF36A /* Release */ = {
			isa = XCBuildConfiguration;
			buildSettings = {
				ASSETCATALOG_COMPILER_APPICON_NAME = AppIcon;
				CODE_SIGN_STYLE = Automatic;
				DEVELOPMENT_TEAM = MTWNV925HH;
				INFOPLIST_FILE = StarWars/Info.plist;
				LD_RUNPATH_SEARCH_PATHS = "$(inherited) @executable_path/Frameworks";
				PRODUCT_BUNDLE_IDENTIFIER = com.chenxi.StarWars;
				PRODUCT_NAME = "$(TARGET_NAME)";
				SWIFT_VERSION = 4.0;
				TARGETED_DEVICE_FAMILY = "1,2";
			};
			name = Release;
		};
/* End XCBuildConfiguration section */

/* Begin XCConfigurationList section */
		152B9AFA1F6E5DA300ABF36A /* Build configuration list for PBXProject "StarWars" */ = {
			isa = XCConfigurationList;
			buildConfigurations = (
				152B9B0F1F6E5DA300ABF36A /* Debug */,
				152B9B101F6E5DA300ABF36A /* Release */,
			);
			defaultConfigurationIsVisible = 0;
			defaultConfigurationName = Release;
		};
		152B9B111F6E5DA300ABF36A /* Build configuration list for PBXNativeTarget "StarWars" */ = {
			isa = XCConfigurationList;
			buildConfigurations = (
				152B9B121F6E5DA300ABF36A /* Debug */,
				152B9B131F6E5DA300ABF36A /* Release */,
			);
			defaultConfigurationIsVisible = 0;
			defaultConfigurationName = Release;
		};
/* End XCConfigurationList section */
	};
	rootObject = 152B9AF71F6E5DA300ABF36A /* Project object */;
}
